// !$*UTF8*$!
{
	archiveVersion = 1;
	classes = {
	};
	objectVersion = 46;
	objects = {

/* Begin PBXBuildFile section */
		A7388C741A92B75D00B5FB16 /* facebookLogin.png in Resources */ = {isa = PBXBuildFile; fileRef = A7388C731A92B75D00B5FB16 /* facebookLogin.png */; };
		A7388C761A92C78700B5FB16 /* SignUpViewController.swift in Sources */ = {isa = PBXBuildFile; fileRef = A7388C751A92C78700B5FB16 /* SignUpViewController.swift */; };
		A73908F31A8DBFBA00DB0EB1 /* AppDelegate.swift in Sources */ = {isa = PBXBuildFile; fileRef = A73908F21A8DBFBA00DB0EB1 /* AppDelegate.swift */; };
		A73908F51A8DBFBA00DB0EB1 /* ViewController.swift in Sources */ = {isa = PBXBuildFile; fileRef = A73908F41A8DBFBA00DB0EB1 /* ViewController.swift */; };
		A73908F81A8DBFBA00DB0EB1 /* Main.storyboard in Resources */ = {isa = PBXBuildFile; fileRef = A73908F61A8DBFBA00DB0EB1 /* Main.storyboard */; };
		A73908FA1A8DBFBA00DB0EB1 /* Images.xcassets in Resources */ = {isa = PBXBuildFile; fileRef = A73908F91A8DBFBA00DB0EB1 /* Images.xcassets */; };
		A73908FD1A8DBFBA00DB0EB1 /* LaunchScreen.xib in Resources */ = {isa = PBXBuildFile; fileRef = A73908FB1A8DBFBA00DB0EB1 /* LaunchScreen.xib */; };
		A73909091A8DBFBA00DB0EB1 /* TinderCloneTests.swift in Sources */ = {isa = PBXBuildFile; fileRef = A73909081A8DBFBA00DB0EB1 /* TinderCloneTests.swift */; };
		A73909131A8DC03000DB0EB1 /* FacebookSDK.framework in Frameworks */ = {isa = PBXBuildFile; fileRef = A73909121A8DC03000DB0EB1 /* FacebookSDK.framework */; };
		A739091D1A8DC44200DB0EB1 /* Bolts.framework in Frameworks */ = {isa = PBXBuildFile; fileRef = A739091A1A8DC44200DB0EB1 /* Bolts.framework */; };
		A739091E1A8DC44200DB0EB1 /* Parse.framework in Frameworks */ = {isa = PBXBuildFile; fileRef = A739091B1A8DC44200DB0EB1 /* Parse.framework */; };
		A739091F1A8DC44200DB0EB1 /* ParseFacebookUtils.framework in Frameworks */ = {isa = PBXBuildFile; fileRef = A739091C1A8DC44200DB0EB1 /* ParseFacebookUtils.framework */; };
		A73909211A8DC4A300DB0EB1 /* AudioToolbox.framework in Frameworks */ = {isa = PBXBuildFile; fileRef = A73909201A8DC4A300DB0EB1 /* AudioToolbox.framework */; };
		A73909231A8DC4B400DB0EB1 /* CFNetwork.framework in Frameworks */ = {isa = PBXBuildFile; fileRef = A73909221A8DC4B400DB0EB1 /* CFNetwork.framework */; };
		A73909251A8DC4C700DB0EB1 /* CoreGraphics.framework in Frameworks */ = {isa = PBXBuildFile; fileRef = A73909241A8DC4C700DB0EB1 /* CoreGraphics.framework */; };
		A73909271A8DC4D300DB0EB1 /* CoreLocation.framework in Frameworks */ = {isa = PBXBuildFile; fileRef = A73909261A8DC4D300DB0EB1 /* CoreLocation.framework */; };
		A73909291A8DC4E000DB0EB1 /* libz.dylib in Frameworks */ = {isa = PBXBuildFile; fileRef = A73909281A8DC4E000DB0EB1 /* libz.dylib */; };
		A739092B1A8DC4EE00DB0EB1 /* MobileCoreServices.framework in Frameworks */ = {isa = PBXBuildFile; fileRef = A739092A1A8DC4EE00DB0EB1 /* MobileCoreServices.framework */; };
		A739092D1A8DC4F800DB0EB1 /* QuartzCore.framework in Frameworks */ = {isa = PBXBuildFile; fileRef = A739092C1A8DC4F800DB0EB1 /* QuartzCore.framework */; };
		A739092F1A8DC50100DB0EB1 /* Security.framework in Frameworks */ = {isa = PBXBuildFile; fileRef = A739092E1A8DC50100DB0EB1 /* Security.framework */; };
		A73909311A8DC50A00DB0EB1 /* StoreKit.framework in Frameworks */ = {isa = PBXBuildFile; fileRef = A73909301A8DC50A00DB0EB1 /* StoreKit.framework */; };
		A73909331A8DC51400DB0EB1 /* SystemConfiguration.framework in Frameworks */ = {isa = PBXBuildFile; fileRef = A73909321A8DC51400DB0EB1 /* SystemConfiguration.framework */; };
		A739093B1A8DCF3E00DB0EB1 /* libsqlite3.dylib in Frameworks */ = {isa = PBXBuildFile; fileRef = A739093A1A8DCF3E00DB0EB1 /* libsqlite3.dylib */; };
/* End PBXBuildFile section */

/* Begin PBXContainerItemProxy section */
		A73909031A8DBFBA00DB0EB1 /* PBXContainerItemProxy */ = {
			isa = PBXContainerItemProxy;
			containerPortal = A73908E51A8DBFBA00DB0EB1 /* Project object */;
			proxyType = 1;
			remoteGlobalIDString = A73908EC1A8DBFBA00DB0EB1;
			remoteInfo = TinderClone;
		};
/* End PBXContainerItemProxy section */

/* Begin PBXFileReference section */
		A7388C731A92B75D00B5FB16 /* facebookLogin.png */ = {isa = PBXFileReference; lastKnownFileType = image.png; path = facebookLogin.png; sourceTree = "<group>"; };
		A7388C751A92C78700B5FB16 /* SignUpViewController.swift */ = {isa = PBXFileReference; fileEncoding = 4; lastKnownFileType = sourcecode.swift; path = SignUpViewController.swift; sourceTree = "<group>"; };
		A73908ED1A8DBFBA00DB0EB1 /* TinderClone.app */ = {isa = PBXFileReference; explicitFileType = wrapper.application; includeInIndex = 0; path = TinderClone.app; sourceTree = BUILT_PRODUCTS_DIR; };
		A73908F11A8DBFBA00DB0EB1 /* Info.plist */ = {isa = PBXFileReference; lastKnownFileType = text.plist.xml; path = Info.plist; sourceTree = "<group>"; };
		A73908F21A8DBFBA00DB0EB1 /* AppDelegate.swift */ = {isa = PBXFileReference; lastKnownFileType = sourcecode.swift; path = AppDelegate.swift; sourceTree = "<group>"; };
		A73908F41A8DBFBA00DB0EB1 /* ViewController.swift */ = {isa = PBXFileReference; lastKnownFileType = sourcecode.swift; path = ViewController.swift; sourceTree = "<group>"; };
		A73908F71A8DBFBA00DB0EB1 /* Base */ = {isa = PBXFileReference; lastKnownFileType = file.storyboard; name = Base; path = Base.lproj/Main.storyboard; sourceTree = "<group>"; };
		A73908F91A8DBFBA00DB0EB1 /* Images.xcassets */ = {isa = PBXFileReference; lastKnownFileType = folder.assetcatalog; path = Images.xcassets; sourceTree = "<group>"; };
		A73908FC1A8DBFBA00DB0EB1 /* Base */ = {isa = PBXFileReference; lastKnownFileType = file.xib; name = Base; path = Base.lproj/LaunchScreen.xib; sourceTree = "<group>"; };
		A73909021A8DBFBA00DB0EB1 /* TinderCloneTests.xctest */ = {isa = PBXFileReference; explicitFileType = wrapper.cfbundle; includeInIndex = 0; path = TinderCloneTests.xctest; sourceTree = BUILT_PRODUCTS_DIR; };
		A73909071A8DBFBA00DB0EB1 /* Info.plist */ = {isa = PBXFileReference; lastKnownFileType = text.plist.xml; path = Info.plist; sourceTree = "<group>"; };
		A73909081A8DBFBA00DB0EB1 /* TinderCloneTests.swift */ = {isa = PBXFileReference; lastKnownFileType = sourcecode.swift; path = TinderCloneTests.swift; sourceTree = "<group>"; };
		A73909121A8DC03000DB0EB1 /* FacebookSDK.framework */ = {isa = PBXFileReference; lastKnownFileType = wrapper.framework; path = FacebookSDK.framework; sourceTree = "<group>"; };
		A739091A1A8DC44200DB0EB1 /* Bolts.framework */ = {isa = PBXFileReference; lastKnownFileType = wrapper.framework; path = Bolts.framework; sourceTree = "<group>"; };
		A739091B1A8DC44200DB0EB1 /* Parse.framework */ = {isa = PBXFileReference; lastKnownFileType = wrapper.framework; path = Parse.framework; sourceTree = "<group>"; };
		A739091C1A8DC44200DB0EB1 /* ParseFacebookUtils.framework */ = {isa = PBXFileReference; lastKnownFileType = wrapper.framework; path = ParseFacebookUtils.framework; sourceTree = "<group>"; };
		A73909201A8DC4A300DB0EB1 /* AudioToolbox.framework */ = {isa = PBXFileReference; lastKnownFileType = wrapper.framework; name = AudioToolbox.framework; path = System/Library/Frameworks/AudioToolbox.framework; sourceTree = SDKROOT; };
		A73909221A8DC4B400DB0EB1 /* CFNetwork.framework */ = {isa = PBXFileReference; lastKnownFileType = wrapper.framework; name = CFNetwork.framework; path = System/Library/Frameworks/CFNetwork.framework; sourceTree = SDKROOT; };
		A73909241A8DC4C700DB0EB1 /* CoreGraphics.framework */ = {isa = PBXFileReference; lastKnownFileType = wrapper.framework; name = CoreGraphics.framework; path = System/Library/Frameworks/CoreGraphics.framework; sourceTree = SDKROOT; };
		A73909261A8DC4D300DB0EB1 /* CoreLocation.framework */ = {isa = PBXFileReference; lastKnownFileType = wrapper.framework; name = CoreLocation.framework; path = System/Library/Frameworks/CoreLocation.framework; sourceTree = SDKROOT; };
		A73909281A8DC4E000DB0EB1 /* libz.dylib */ = {isa = PBXFileReference; lastKnownFileType = "compiled.mach-o.dylib"; name = libz.dylib; path = usr/lib/libz.dylib; sourceTree = SDKROOT; };
		A739092A1A8DC4EE00DB0EB1 /* MobileCoreServices.framework */ = {isa = PBXFileReference; lastKnownFileType = wrapper.framework; name = MobileCoreServices.framework; path = System/Library/Frameworks/MobileCoreServices.framework; sourceTree = SDKROOT; };
		A739092C1A8DC4F800DB0EB1 /* QuartzCore.framework */ = {isa = PBXFileReference; lastKnownFileType = wrapper.framework; name = QuartzCore.framework; path = System/Library/Frameworks/QuartzCore.framework; sourceTree = SDKROOT; };
		A739092E1A8DC50100DB0EB1 /* Security.framework */ = {isa = PBXFileReference; lastKnownFileType = wrapper.framework; name = Security.framework; path = System/Library/Frameworks/Security.framework; sourceTree = SDKROOT; };
		A73909301A8DC50A00DB0EB1 /* StoreKit.framework */ = {isa = PBXFileReference; lastKnownFileType = wrapper.framework; name = StoreKit.framework; path = System/Library/Frameworks/StoreKit.framework; sourceTree = SDKROOT; };
		A73909321A8DC51400DB0EB1 /* SystemConfiguration.framework */ = {isa = PBXFileReference; lastKnownFileType = wrapper.framework; name = SystemConfiguration.framework; path = System/Library/Frameworks/SystemConfiguration.framework; sourceTree = SDKROOT; };
		A73909391A8DCD1D00DB0EB1 /* TinderClone-Bridging-Header.h */ = {isa = PBXFileReference; lastKnownFileType = sourcecode.c.h; path = "TinderClone-Bridging-Header.h"; sourceTree = "<group>"; };
		A739093A1A8DCF3E00DB0EB1 /* libsqlite3.dylib */ = {isa = PBXFileReference; lastKnownFileType = "compiled.mach-o.dylib"; name = libsqlite3.dylib; path = usr/lib/libsqlite3.dylib; sourceTree = SDKROOT; };
/* End PBXFileReference section */

/* Begin PBXFrameworksBuildPhase section */
		A73908EA1A8DBFBA00DB0EB1 /* Frameworks */ = {
			isa = PBXFrameworksBuildPhase;
			buildActionMask = 2147483647;
			files = (
				A739093B1A8DCF3E00DB0EB1 /* libsqlite3.dylib in Frameworks */,
				A73909331A8DC51400DB0EB1 /* SystemConfiguration.framework in Frameworks */,
				A73909311A8DC50A00DB0EB1 /* StoreKit.framework in Frameworks */,
				A739092F1A8DC50100DB0EB1 /* Security.framework in Frameworks */,
				A739092D1A8DC4F800DB0EB1 /* QuartzCore.framework in Frameworks */,
				A739092B1A8DC4EE00DB0EB1 /* MobileCoreServices.framework in Frameworks */,
				A73909291A8DC4E000DB0EB1 /* libz.dylib in Frameworks */,
				A73909271A8DC4D300DB0EB1 /* CoreLocation.framework in Frameworks */,
				A73909251A8DC4C700DB0EB1 /* CoreGraphics.framework in Frameworks */,
				A73909231A8DC4B400DB0EB1 /* CFNetwork.framework in Frameworks */,
				A73909211A8DC4A300DB0EB1 /* AudioToolbox.framework in Frameworks */,
				A73909131A8DC03000DB0EB1 /* FacebookSDK.framework in Frameworks */,
				A739091E1A8DC44200DB0EB1 /* Parse.framework in Frameworks */,
				A739091F1A8DC44200DB0EB1 /* ParseFacebookUtils.framework in Frameworks */,
				A739091D1A8DC44200DB0EB1 /* Bolts.framework in Frameworks */,
			);
			runOnlyForDeploymentPostprocessing = 0;
		};
		A73908FF1A8DBFBA00DB0EB1 /* Frameworks */ = {
			isa = PBXFrameworksBuildPhase;
			buildActionMask = 2147483647;
			files = (
			);
			runOnlyForDeploymentPostprocessing = 0;
		};
/* End PBXFrameworksBuildPhase section */

/* Begin PBXGroup section */
		A73908E41A8DBFBA00DB0EB1 = {
			isa = PBXGroup;
			children = (
				A739093A1A8DCF3E00DB0EB1 /* libsqlite3.dylib */,
				A73909391A8DCD1D00DB0EB1 /* TinderClone-Bridging-Header.h */,
				A73909321A8DC51400DB0EB1 /* SystemConfiguration.framework */,
				A73909301A8DC50A00DB0EB1 /* StoreKit.framework */,
				A739092E1A8DC50100DB0EB1 /* Security.framework */,
				A739092C1A8DC4F800DB0EB1 /* QuartzCore.framework */,
				A739092A1A8DC4EE00DB0EB1 /* MobileCoreServices.framework */,
				A73909281A8DC4E000DB0EB1 /* libz.dylib */,
				A73909261A8DC4D300DB0EB1 /* CoreLocation.framework */,
				A73909241A8DC4C700DB0EB1 /* CoreGraphics.framework */,
				A73909221A8DC4B400DB0EB1 /* CFNetwork.framework */,
				A73909201A8DC4A300DB0EB1 /* AudioToolbox.framework */,
				A73908EF1A8DBFBA00DB0EB1 /* TinderClone */,
				A73909051A8DBFBA00DB0EB1 /* TinderCloneTests */,
				A73908EE1A8DBFBA00DB0EB1 /* Products */,
			);
			sourceTree = "<group>";
		};
		A73908EE1A8DBFBA00DB0EB1 /* Products */ = {
			isa = PBXGroup;
			children = (
				A73908ED1A8DBFBA00DB0EB1 /* TinderClone.app */,
				A73909021A8DBFBA00DB0EB1 /* TinderCloneTests.xctest */,
			);
			name = Products;
			sourceTree = "<group>";
		};
		A73908EF1A8DBFBA00DB0EB1 /* TinderClone */ = {
			isa = PBXGroup;
			children = (
				A73909121A8DC03000DB0EB1 /* FacebookSDK.framework */,
				A739091A1A8DC44200DB0EB1 /* Bolts.framework */,
				A739091B1A8DC44200DB0EB1 /* Parse.framework */,
				A739091C1A8DC44200DB0EB1 /* ParseFacebookUtils.framework */,
				A73908F21A8DBFBA00DB0EB1 /* AppDelegate.swift */,
				A73908F41A8DBFBA00DB0EB1 /* ViewController.swift */,
				A7388C751A92C78700B5FB16 /* SignUpViewController.swift */,
				A73908F61A8DBFBA00DB0EB1 /* Main.storyboard */,
				A7388C731A92B75D00B5FB16 /* facebookLogin.png */,
				A73908F91A8DBFBA00DB0EB1 /* Images.xcassets */,
				A73908FB1A8DBFBA00DB0EB1 /* LaunchScreen.xib */,
				A73908F01A8DBFBA00DB0EB1 /* Supporting Files */,
			);
			path = TinderClone;
			sourceTree = "<group>";
		};
		A73908F01A8DBFBA00DB0EB1 /* Supporting Files */ = {
			isa = PBXGroup;
			children = (
				A73908F11A8DBFBA00DB0EB1 /* Info.plist */,
			);
			name = "Supporting Files";
			sourceTree = "<group>";
		};
		A73909051A8DBFBA00DB0EB1 /* TinderCloneTests */ = {
			isa = PBXGroup;
			children = (
				A73909081A8DBFBA00DB0EB1 /* TinderCloneTests.swift */,
				A73909061A8DBFBA00DB0EB1 /* Supporting Files */,
			);
			path = TinderCloneTests;
			sourceTree = "<group>";
		};
		A73909061A8DBFBA00DB0EB1 /* Supporting Files */ = {
			isa = PBXGroup;
			children = (
				A73909071A8DBFBA00DB0EB1 /* Info.plist */,
			);
			name = "Supporting Files";
			sourceTree = "<group>";
		};
/* End PBXGroup section */

/* Begin PBXNativeTarget section */
		A73908EC1A8DBFBA00DB0EB1 /* TinderClone */ = {
			isa = PBXNativeTarget;
			buildConfigurationList = A739090C1A8DBFBA00DB0EB1 /* Build configuration list for PBXNativeTarget "TinderClone" */;
			buildPhases = (
				A73908E91A8DBFBA00DB0EB1 /* Sources */,
				A73908EA1A8DBFBA00DB0EB1 /* Frameworks */,
				A73908EB1A8DBFBA00DB0EB1 /* Resources */,
			);
			buildRules = (
			);
			dependencies = (
			);
			name = TinderClone;
			productName = TinderClone;
			productReference = A73908ED1A8DBFBA00DB0EB1 /* TinderClone.app */;
			productType = "com.apple.product-type.application";
		};
		A73909011A8DBFBA00DB0EB1 /* TinderCloneTests */ = {
			isa = PBXNativeTarget;
			buildConfigurationList = A739090F1A8DBFBA00DB0EB1 /* Build configuration list for PBXNativeTarget "TinderCloneTests" */;
			buildPhases = (
				A73908FE1A8DBFBA00DB0EB1 /* Sources */,
				A73908FF1A8DBFBA00DB0EB1 /* Frameworks */,
				A73909001A8DBFBA00DB0EB1 /* Resources */,
			);
			buildRules = (
			);
			dependencies = (
				A73909041A8DBFBA00DB0EB1 /* PBXTargetDependency */,
			);
			name = TinderCloneTests;
			productName = TinderCloneTests;
			productReference = A73909021A8DBFBA00DB0EB1 /* TinderCloneTests.xctest */;
			productType = "com.apple.product-type.bundle.unit-test";
		};
/* End PBXNativeTarget section */

/* Begin PBXProject section */
		A73908E51A8DBFBA00DB0EB1 /* Project object */ = {
			isa = PBXProject;
			attributes = {
				LastUpgradeCheck = 0610;
				ORGANIZATIONNAME = Yosemite;
				TargetAttributes = {
					A73908EC1A8DBFBA00DB0EB1 = {
						CreatedOnToolsVersion = 6.1.1;
					};
					A73909011A8DBFBA00DB0EB1 = {
						CreatedOnToolsVersion = 6.1.1;
						TestTargetID = A73908EC1A8DBFBA00DB0EB1;
					};
				};
			};
			buildConfigurationList = A73908E81A8DBFBA00DB0EB1 /* Build configuration list for PBXProject "TinderClone" */;
			compatibilityVersion = "Xcode 3.2";
			developmentRegion = English;
			hasScannedForEncodings = 0;
			knownRegions = (
				en,
				Base,
			);
			mainGroup = A73908E41A8DBFBA00DB0EB1;
			productRefGroup = A73908EE1A8DBFBA00DB0EB1 /* Products */;
			projectDirPath = "";
			projectRoot = "";
			targets = (
				A73908EC1A8DBFBA00DB0EB1 /* TinderClone */,
				A73909011A8DBFBA00DB0EB1 /* TinderCloneTests */,
			);
		};
/* End PBXProject section */

/* Begin PBXResourcesBuildPhase section */
		A73908EB1A8DBFBA00DB0EB1 /* Resources */ = {
			isa = PBXResourcesBuildPhase;
			buildActionMask = 2147483647;
			files = (
				A73908F81A8DBFBA00DB0EB1 /* Main.storyboard in Resources */,
				A73908FD1A8DBFBA00DB0EB1 /* LaunchScreen.xib in Resources */,
				A73908FA1A8DBFBA00DB0EB1 /* Images.xcassets in Resources */,
				A7388C741A92B75D00B5FB16 /* facebookLogin.png in Resources */,
			);
			runOnlyForDeploymentPostprocessing = 0;
		};
		A73909001A8DBFBA00DB0EB1 /* Resources */ = {
			isa = PBXResourcesBuildPhase;
			buildActionMask = 2147483647;
			files = (
			);
			runOnlyForDeploymentPostprocessing = 0;
		};
/* End PBXResourcesBuildPhase section */

/* Begin PBXSourcesBuildPhase section */
		A73908E91A8DBFBA00DB0EB1 /* Sources */ = {
			isa = PBXSourcesBuildPhase;
			buildActionMask = 2147483647;
			files = (
				A7388C761A92C78700B5FB16 /* SignUpViewController.swift in Sources */,
				A73908F51A8DBFBA00DB0EB1 /* ViewController.swift in Sources */,
				A73908F31A8DBFBA00DB0EB1 /* AppDelegate.swift in Sources */,
			);
			runOnlyForDeploymentPostprocessing = 0;
		};
		A73908FE1A8DBFBA00DB0EB1 /* Sources */ = {
			isa = PBXSourcesBuildPhase;
			buildActionMask = 2147483647;
			files = (
				A73909091A8DBFBA00DB0EB1 /* TinderCloneTests.swift in Sources */,
			);
			runOnlyForDeploymentPostprocessing = 0;
		};
/* End PBXSourcesBuildPhase section */

/* Begin PBXTargetDependency section */
		A73909041A8DBFBA00DB0EB1 /* PBXTargetDependency */ = {
			isa = PBXTargetDependency;
			target = A73908EC1A8DBFBA00DB0EB1 /* TinderClone */;
			targetProxy = A73909031A8DBFBA00DB0EB1 /* PBXContainerItemProxy */;
		};
/* End PBXTargetDependency section */

/* Begin PBXVariantGroup section */
		A73908F61A8DBFBA00DB0EB1 /* Main.storyboard */ = {
			isa = PBXVariantGroup;
			children = (
				A73908F71A8DBFBA00DB0EB1 /* Base */,
			);
			name = Main.storyboard;
			sourceTree = "<group>";
		};
		A73908FB1A8DBFBA00DB0EB1 /* LaunchScreen.xib */ = {
			isa = PBXVariantGroup;
			children = (
				A73908FC1A8DBFBA00DB0EB1 /* Base */,
			);
			name = LaunchScreen.xib;
			sourceTree = "<group>";
		};
/* End PBXVariantGroup section */

/* Begin XCBuildConfiguration section */
		A739090A1A8DBFBA00DB0EB1 /* Debug */ = {
			isa = XCBuildConfiguration;
			buildSettings = {
				ALWAYS_SEARCH_USER_PATHS = NO;
				CLANG_CXX_LANGUAGE_STANDARD = "gnu++0x";
				CLANG_CXX_LIBRARY = "libc++";
				CLANG_ENABLE_MODULES = YES;
				CLANG_ENABLE_OBJC_ARC = YES;
				CLANG_WARN_BOOL_CONVERSION = YES;
				CLANG_WARN_CONSTANT_CONVERSION = YES;
				CLANG_WARN_DIRECT_OBJC_ISA_USAGE = YES_ERROR;
				CLANG_WARN_EMPTY_BODY = YES;
				CLANG_WARN_ENUM_CONVERSION = YES;
				CLANG_WARN_INT_CONVERSION = YES;
				CLANG_WARN_OBJC_ROOT_CLASS = YES_ERROR;
				CLANG_WARN_UNREACHABLE_CODE = YES;
				CLANG_WARN__DUPLICATE_METHOD_MATCH = YES;
				"CODE_SIGN_IDENTITY[sdk=iphoneos*]" = "iPhone Developer";
				COPY_PHASE_STRIP = NO;
				ENABLE_STRICT_OBJC_MSGSEND = YES;
				GCC_C_LANGUAGE_STANDARD = gnu99;
				GCC_DYNAMIC_NO_PIC = NO;
				GCC_OPTIMIZATION_LEVEL = 0;
				GCC_PREPROCESSOR_DEFINITIONS = (
					"DEBUG=1",
					"$(inherited)",
				);
				GCC_SYMBOLS_PRIVATE_EXTERN = NO;
				GCC_WARN_64_TO_32_BIT_CONVERSION = YES;
				GCC_WARN_ABOUT_RETURN_TYPE = YES_ERROR;
				GCC_WARN_UNDECLARED_SELECTOR = YES;
				GCC_WARN_UNINITIALIZED_AUTOS = YES_AGGRESSIVE;
				GCC_WARN_UNUSED_FUNCTION = YES;
				GCC_WARN_UNUSED_VARIABLE = YES;
				IPHONEOS_DEPLOYMENT_TARGET = 8.1;
				MTL_ENABLE_DEBUG_INFO = YES;
				ONLY_ACTIVE_ARCH = YES;
				SDKROOT = iphoneos;
				SWIFT_OPTIMIZATION_LEVEL = "-Onone";
			};
			name = Debug;
		};
		A739090B1A8DBFBA00DB0EB1 /* Release */ = {
			isa = XCBuildConfiguration;
			buildSettings = {
				ALWAYS_SEARCH_USER_PATHS = NO;
				CLANG_CXX_LANGUAGE_STANDARD = "gnu++0x";
				CLANG_CXX_LIBRARY = "libc++";
				CLANG_ENABLE_MODULES = YES;
				CLANG_ENABLE_OBJC_ARC = YES;
				CLANG_WARN_BOOL_CONVERSION = YES;
				CLANG_WARN_CONSTANT_CONVERSION = YES;
				CLANG_WARN_DIRECT_OBJC_ISA_USAGE = YES_ERROR;
				CLANG_WARN_EMPTY_BODY = YES;
				CLANG_WARN_ENUM_CONVERSION = YES;
				CLANG_WARN_INT_CONVERSION = YES;
				CLANG_WARN_OBJC_ROOT_CLASS = YES_ERROR;
				CLANG_WARN_UNREACHABLE_CODE = YES;
				CLANG_WARN__DUPLICATE_METHOD_MATCH = YES;
				"CODE_SIGN_IDENTITY[sdk=iphoneos*]" = "iPhone Developer";
				COPY_PHASE_STRIP = YES;
				ENABLE_NS_ASSERTIONS = NO;
				ENABLE_STRICT_OBJC_MSGSEND = YES;
				GCC_C_LANGUAGE_STANDARD = gnu99;
				GCC_WARN_64_TO_32_BIT_CONVERSION = YES;
				GCC_WARN_ABOUT_RETURN_TYPE = YES_ERROR;
				GCC_WARN_UNDECLARED_SELECTOR = YES;
				GCC_WARN_UNINITIALIZED_AUTOS = YES_AGGRESSIVE;
				GCC_WARN_UNUSED_FUNCTION = YES;
				GCC_WARN_UNUSED_VARIABLE = YES;
				IPHONEOS_DEPLOYMENT_TARGET = 8.1;
				MTL_ENABLE_DEBUG_INFO = NO;
				SDKROOT = iphoneos;
				VALIDATE_PRODUCT = YES;
			};
			name = Release;
		};
		A739090D1A8DBFBA00DB0EB1 /* Debug */ = {
			isa = XCBuildConfiguration;
			buildSettings = {
				ASSETCATALOG_COMPILER_APPICON_NAME = AppIcon;
				CLANG_ENABLE_MODULES = YES;
				FRAMEWORK_SEARCH_PATHS = (
					"$(inherited)",
					"$(PROJECT_DIR)/TinderClone",
				);
				INFOPLIST_FILE = TinderClone/Info.plist;
				LD_RUNPATH_SEARCH_PATHS = "$(inherited) @executable_path/Frameworks";
				PRODUCT_NAME = "$(TARGET_NAME)";
				SWIFT_OBJC_BRIDGING_HEADER = "TinderClone-Bridging-Header.h";
				SWIFT_OPTIMIZATION_LEVEL = "-Onone";
			};
			name = Debug;
		};
		A739090E1A8DBFBA00DB0EB1 /* Release */ = {
			isa = XCBuildConfiguration;
			buildSettings = {
				ASSETCATALOG_COMPILER_APPICON_NAME = AppIcon;
				CLANG_ENABLE_MODULES = YES;
				FRAMEWORK_SEARCH_PATHS = (
					"$(inherited)",
					"$(PROJECT_DIR)/TinderClone",
				);
				INFOPLIST_FILE = TinderClone/Info.plist;
				LD_RUNPATH_SEARCH_PATHS = "$(inherited) @executable_path/Frameworks";
				PRODUCT_NAME = "$(TARGET_NAME)";
				SWIFT_OBJC_BRIDGING_HEADER = "TinderClone-Bridging-Header.h";
			};
			name = Release;
		};
		A73909101A8DBFBA00DB0EB1 /* Debug */ = {
			isa = XCBuildConfiguration;
			buildSettings = {
				BUNDLE_LOADER = "$(TEST_HOST)";
				FRAMEWORK_SEARCH_PATHS = (
					"$(SDKROOT)/Developer/Library/Frameworks",
					"$(inherited)",
				);
				GCC_PREPROCESSOR_DEFINITIONS = (
					"DEBUG=1",
					"$(inherited)",
				);
				INFOPLIST_FILE = TinderCloneTests/Info.plist;
				LD_RUNPATH_SEARCH_PATHS = "$(inherited) @executable_path/Frameworks @loader_path/Frameworks";
				PRODUCT_NAME = "$(TARGET_NAME)";
				TEST_HOST = "$(BUILT_PRODUCTS_DIR)/TinderClone.app/TinderClone";
			};
			name = Debug;
		};
		A73909111A8DBFBA00DB0EB1 /* Release */ = {
			isa = XCBuildConfiguration;
			buildSettings = {
				BUNDLE_LOADER = "$(TEST_HOST)";
				FRAMEWORK_SEARCH_PATHS = (
					"$(SDKROOT)/Developer/Library/Frameworks",
					"$(inherited)",
				);
				INFOPLIST_FILE = TinderCloneTests/Info.plist;
				LD_RUNPATH_SEARCH_PATHS = "$(inherited) @executable_path/Frameworks @loader_path/Frameworks";
				PRODUCT_NAME = "$(TARGET_NAME)";
				TEST_HOST = "$(BUILT_PRODUCTS_DIR)/TinderClone.app/TinderClone";
			};
			name = Release;
		};
/* End XCBuildConfiguration section */

/* Begin XCConfigurationList section */
		A73908E81A8DBFBA00DB0EB1 /* Build configuration list for PBXProject "TinderClone" */ = {
			isa = XCConfigurationList;
			buildConfigurations = (
				A739090A1A8DBFBA00DB0EB1 /* Debug */,
				A739090B1A8DBFBA00DB0EB1 /* Release */,
			);
			defaultConfigurationIsVisible = 0;
			defaultConfigurationName = Release;
		};
		A739090C1A8DBFBA00DB0EB1 /* Build configuration list for PBXNativeTarget "TinderClone" */ = {
			isa = XCConfigurationList;
			buildConfigurations = (
				A739090D1A8DBFBA00DB0EB1 /* Debug */,
				A739090E1A8DBFBA00DB0EB1 /* Release */,
			);
			defaultConfigurationIsVisible = 0;
			defaultConfigurationName = Release;
		};
		A739090F1A8DBFBA00DB0EB1 /* Build configuration list for PBXNativeTarget "TinderCloneTests" */ = {
			isa = XCConfigurationList;
			buildConfigurations = (
				A73909101A8DBFBA00DB0EB1 /* Debug */,
				A73909111A8DBFBA00DB0EB1 /* Release */,
			);
			defaultConfigurationIsVisible = 0;
			defaultConfigurationName = Release;
		};
/* End XCConfigurationList section */
	};
	rootObject = A73908E51A8DBFBA00DB0EB1 /* Project object */;
}
